
Microsoft Visual Studio Solution File, Format Version 12.00
# Visual Studio 2017
Project("{FAE04EC0-301F-11D3-BF4B-00C04F79EFBC}") = "labsafetyunity", "labsafetyunity.csproj", "{1D0EA4CC-9D62-CBE1-1492-0BA8D2227F34}"
EndProject
Project("{FAE04EC0-301F-11D3-BF4B-00C04F79EFBC}") = "labsafetyunity.Plugins", "labsafetyunity.Plugins.csproj", "{8C9FC273-36CE-BCF0-92C8-3EB4EB9E96AF}"
EndProject
Project("{FAE04EC0-301F-11D3-BF4B-00C04F79EFBC}") = "labsafetyunity.Editor.Plugins", "labsafetyunity.Editor.Plugins.csproj", "{ADA3F3A2-7A98-90B5-6591-5ABF6CF1A4E1}"
EndProject
Global
	GlobalSection(SolutionConfigurationPlatforms) = preSolution
		Debug|Any CPU = Debug|Any CPU
		Release|Any CPU = Release|Any CPU
	EndGlobalSection
	GlobalSection(ProjectConfigurationPlatforms) = postSolution
		{1D0EA4CC-9D62-CBE1-1492-0BA8D2227F34}.Debug|Any CPU.ActiveCfg = Debug|Any CPU
		{1D0EA4CC-9D62-CBE1-1492-0BA8D2227F34}.Debug|Any CPU.Build.0 = Debug|Any CPU
		{1D0EA4CC-9D62-CBE1-1492-0BA8D2227F34}.Release|Any CPU.ActiveCfg = Release|Any CPU
		{1D0EA4CC-9D62-CBE1-1492-0BA8D2227F34}.Release|Any CPU.Build.0 = Release|Any CPU
		{8C9FC273-36CE-BCF0-92C8-3EB4EB9E96AF}.Debug|Any CPU.ActiveCfg = Debug|Any CPU
		{8C9FC273-36CE-BCF0-92C8-3EB4EB9E96AF}.Debug|Any CPU.Build.0 = Debug|Any CPU
		{8C9FC273-36CE-BCF0-92C8-3EB4EB9E96AF}.Release|Any CPU.ActiveCfg = Release|Any CPU
		{8C9FC273-36CE-BCF0-92C8-3EB4EB9E96AF}.Release|Any CPU.Build.0 = Release|Any CPU
		{ADA3F3A2-7A98-90B5-6591-5ABF6CF1A4E1}.Debug|Any CPU.ActiveCfg = Debug|Any CPU
		{ADA3F3A2-7A98-90B5-6591-5ABF6CF1A4E1}.Debug|Any CPU.Build.0 = Debug|Any CPU
		{ADA3F3A2-7A98-90B5-6591-5ABF6CF1A4E1}.Release|Any CPU.ActiveCfg = Release|Any CPU
		{ADA3F3A2-7A98-90B5-6591-5ABF6CF1A4E1}.Release|Any CPU.Build.0 = Release|Any CPU
	EndGlobalSection
	GlobalSection(SolutionProperties) = preSolution
		HideSolutionNode = FALSE
	EndGlobalSection
EndGlobal
